
Microsoft Visual Studio Solution File, Format Version 12.00
# Visual Studio 15
VisualStudioVersion = 15.0.28307.271
MinimumVisualStudioVersion = 10.0.40219.1
Project("{9A19103F-16F7-4668-BE54-9A1E7A4F7556}") = "WebApi", "WebApi\WebApi.csproj", "{9DE799C6-961A-44B0-A3F6-87F87DBD4CC3}"
EndProject
Project("{FAE04EC0-301F-11D3-BF4B-00C04F79EFBC}") = "XUnitTestWebApi", "XUnitTestWebApi\XUnitTestWebApi.csproj", "{37CB0235-9F59-4F47-8922-84D780FDFDD3}"
EndProject
Global
	GlobalSection(SolutionConfigurationPlatforms) = preSolution
		Debug|Any CPU = Debug|Any CPU
		Release|Any CPU = Release|Any CPU
	EndGlobalSection
	GlobalSection(ProjectConfigurationPlatforms) = postSolution
		{9DE799C6-961A-44B0-A3F6-87F87DBD4CC3}.Debug|Any CPU.ActiveCfg = Debug|Any CPU
		{9DE799C6-961A-44B0-A3F6-87F87DBD4CC3}.Debug|Any CPU.Build.0 = Debug|Any CPU
		{9DE799C6-961A-44B0-A3F6-87F87DBD4CC3}.Release|Any CPU.ActiveCfg = Release|Any CPU
		{9DE799C6-961A-44B0-A3F6-87F87DBD4CC3}.Release|Any CPU.Build.0 = Release|Any CPU
		{37CB0235-9F59-4F47-8922-84D780FDFDD3}.Debug|Any CPU.ActiveCfg = Debug|Any CPU
		{37CB0235-9F59-4F47-8922-84D780FDFDD3}.Debug|Any CPU.Build.0 = Debug|Any CPU
		{37CB0235-9F59-4F47-8922-84D780FDFDD3}.Release|Any CPU.ActiveCfg = Release|Any CPU
		{37CB0235-9F59-4F47-8922-84D780FDFDD3}.Release|Any CPU.Build.0 = Release|Any CPU
	EndGlobalSection
	GlobalSection(SolutionProperties) = preSolution
		HideSolutionNode = FALSE
	EndGlobalSection
	GlobalSection(ExtensibilityGlobals) = postSolution
		SolutionGuid = {9820E769-0FCC-45B1-B114-92FDDB872DFE}
	EndGlobalSection
EndGlobal
